
Microsoft Visual Studio Solution File, Format Version 12.00
# Visual Studio 15
VisualStudioVersion = 15.0.28010.2041
MinimumVisualStudioVersion = 10.0.40219.1
Project("{FAE04EC0-301F-11D3-BF4B-00C04F79EFBC}") = "Console", "Console\Console.csproj", "{A93B7924-635A-47BD-A7C8-CE77CADF5CA8}"
EndProject
Project("{FAE04EC0-301F-11D3-BF4B-00C04F79EFBC}") = "Outputs", "Outputs\Outputs.csproj", "{3271DD4A-5D9B-4B54-8B1E-C922AEE4DF7D}"
EndProject
Project("{FAE04EC0-301F-11D3-BF4B-00C04F79EFBC}") = "Algorithms", "Algorithms\Algorithms.csproj", "{5DE011F5-E5F7-41F4-B6B7-B72C41635300}"
EndProject
Project("{FAE04EC0-301F-11D3-BF4B-00C04F79EFBC}") = "Analytics", "Analytics\Analytics.csproj", "{DEA470CC-E6B2-4B55-8AE4-4A507EB596C5}"
EndProject
Project("{FAE04EC0-301F-11D3-BF4B-00C04F79EFBC}") = "Logic", "Logic\Logic.csproj", "{D2189ECE-293D-4E99-BEB3-0AA30FF81C51}"
EndProject
Global
	GlobalSection(SolutionConfigurationPlatforms) = preSolution
		Debug|Any CPU = Debug|Any CPU
		Release|Any CPU = Release|Any CPU
	EndGlobalSection
	GlobalSection(ProjectConfigurationPlatforms) = postSolution
		{A93B7924-635A-47BD-A7C8-CE77CADF5CA8}.Debug|Any CPU.ActiveCfg = Debug|Any CPU
		{A93B7924-635A-47BD-A7C8-CE77CADF5CA8}.Debug|Any CPU.Build.0 = Debug|Any CPU
		{A93B7924-635A-47BD-A7C8-CE77CADF5CA8}.Release|Any CPU.ActiveCfg = Release|Any CPU
		{A93B7924-635A-47BD-A7C8-CE77CADF5CA8}.Release|Any CPU.Build.0 = Release|Any CPU
		{3271DD4A-5D9B-4B54-8B1E-C922AEE4DF7D}.Debug|Any CPU.ActiveCfg = Debug|Any CPU
		{3271DD4A-5D9B-4B54-8B1E-C922AEE4DF7D}.Debug|Any CPU.Build.0 = Debug|Any CPU
		{3271DD4A-5D9B-4B54-8B1E-C922AEE4DF7D}.Release|Any CPU.ActiveCfg = Release|Any CPU
		{3271DD4A-5D9B-4B54-8B1E-C922AEE4DF7D}.Release|Any CPU.Build.0 = Release|Any CPU
		{5DE011F5-E5F7-41F4-B6B7-B72C41635300}.Debug|Any CPU.ActiveCfg = Debug|Any CPU
		{5DE011F5-E5F7-41F4-B6B7-B72C41635300}.Debug|Any CPU.Build.0 = Debug|Any CPU
		{5DE011F5-E5F7-41F4-B6B7-B72C41635300}.Release|Any CPU.ActiveCfg = Release|Any CPU
		{5DE011F5-E5F7-41F4-B6B7-B72C41635300}.Release|Any CPU.Build.0 = Release|Any CPU
		{DEA470CC-E6B2-4B55-8AE4-4A507EB596C5}.Debug|Any CPU.ActiveCfg = Debug|Any CPU
		{DEA470CC-E6B2-4B55-8AE4-4A507EB596C5}.Debug|Any CPU.Build.0 = Debug|Any CPU
		{DEA470CC-E6B2-4B55-8AE4-4A507EB596C5}.Release|Any CPU.ActiveCfg = Release|Any CPU
		{DEA470CC-E6B2-4B55-8AE4-4A507EB596C5}.Release|Any CPU.Build.0 = Release|Any CPU
		{D2189ECE-293D-4E99-BEB3-0AA30FF81C51}.Debug|Any CPU.ActiveCfg = Debug|Any CPU
		{D2189ECE-293D-4E99-BEB3-0AA30FF81C51}.Debug|Any CPU.Build.0 = Debug|Any CPU
		{D2189ECE-293D-4E99-BEB3-0AA30FF81C51}.Release|Any CPU.ActiveCfg = Release|Any CPU
		{D2189ECE-293D-4E99-BEB3-0AA30FF81C51}.Release|Any CPU.Build.0 = Release|Any CPU
	EndGlobalSection
	GlobalSection(SolutionProperties) = preSolution
		HideSolutionNode = FALSE
	EndGlobalSection
	GlobalSection(ExtensibilityGlobals) = postSolution
		SolutionGuid = {89510525-FA82-4307-AB1D-CF879EC54D8C}
	EndGlobalSection
EndGlobal
